
Microsoft Visual Studio Solution File, Format Version 12.00
# Visual Studio Version 17
VisualStudioVersion = 17.6.33829.357
MinimumVisualStudioVersion = 10.0.40219.1
Project("{FAE04EC0-301F-11D3-BF4B-00C04F79EFBC}") = "DataTypes", "DataTypes\DataTypes.csproj", "{68A271F2-DA57-4291-AE67-44B4306E537A}"
EndProject
Global
	GlobalSection(SolutionConfigurationPlatforms) = preSolution
		Debug|Any CPU = Debug|Any CPU
		Release|Any CPU = Release|Any CPU
	EndGlobalSection
	GlobalSection(ProjectConfigurationPlatforms) = postSolution
		{68A271F2-DA57-4291-AE67-44B4306E537A}.Debug|Any CPU.ActiveCfg = Debug|Any CPU
		{68A271F2-DA57-4291-AE67-44B4306E537A}.Debug|Any CPU.Build.0 = Debug|Any CPU
		{68A271F2-DA57-4291-AE67-44B4306E537A}.Release|Any CPU.ActiveCfg = Release|Any CPU
		{68A271F2-DA57-4291-AE67-44B4306E537A}.Release|Any CPU.Build.0 = Release|Any CPU
	EndGlobalSection
	GlobalSection(SolutionProperties) = preSolution
		HideSolutionNode = FALSE
	EndGlobalSection
	GlobalSection(ExtensibilityGlobals) = postSolution
		SolutionGuid = {279F4356-73D8-446D-B2DF-1FFF85C42B4D}
	EndGlobalSection
EndGlobal
